
Microsoft Visual Studio Solution File, Format Version 12.00
# Visual Studio Version 16
VisualStudioVersion = 16.0.29806.167
MinimumVisualStudioVersion = 10.0.40219.1
Project("{8BC9CEB8-8B4A-11D0-8D11-00A0C91BC942}") = "lhe_audio_test_prog", "lhe_audio_test_prog\lhe_audio_test_prog.vcxproj", "{A7F9F662-EC5C-4F73-A5C7-E6C259ACF5B4}"
	ProjectSection(ProjectDependencies) = postProject
		{2C3B9EC2-8E9C-4282-8636-498184F7056D} = {2C3B9EC2-8E9C-4282-8636-498184F7056D}
	EndProjectSection
EndProject
Project("{8BC9CEB8-8B4A-11D0-8D11-00A0C91BC942}") = "lhe_audio_encoder", "lhe_audio_encoder\lhe_audio_encoder.vcxproj", "{2C3B9EC2-8E9C-4282-8636-498184F7056D}"
EndProject
Global
	GlobalSection(SolutionConfigurationPlatforms) = preSolution
		Debug|x64 = Debug|x64
		Debug|x86 = Debug|x86
		Release|x64 = Release|x64
		Release|x86 = Release|x86
	EndGlobalSection
	GlobalSection(ProjectConfigurationPlatforms) = postSolution
		{A7F9F662-EC5C-4F73-A5C7-E6C259ACF5B4}.Debug|x64.ActiveCfg = Debug|x64
		{A7F9F662-EC5C-4F73-A5C7-E6C259ACF5B4}.Debug|x64.Build.0 = Debug|x64
		{A7F9F662-EC5C-4F73-A5C7-E6C259ACF5B4}.Debug|x86.ActiveCfg = Debug|x64
		{A7F9F662-EC5C-4F73-A5C7-E6C259ACF5B4}.Debug|x86.Build.0 = Debug|x64
		{A7F9F662-EC5C-4F73-A5C7-E6C259ACF5B4}.Release|x64.ActiveCfg = Debug|x64
		{A7F9F662-EC5C-4F73-A5C7-E6C259ACF5B4}.Release|x64.Build.0 = Debug|x64
		{A7F9F662-EC5C-4F73-A5C7-E6C259ACF5B4}.Release|x86.ActiveCfg = Debug|x64
		{A7F9F662-EC5C-4F73-A5C7-E6C259ACF5B4}.Release|x86.Build.0 = Debug|x64
		{2C3B9EC2-8E9C-4282-8636-498184F7056D}.Debug|x64.ActiveCfg = Debug|x64
		{2C3B9EC2-8E9C-4282-8636-498184F7056D}.Debug|x64.Build.0 = Debug|x64
		{2C3B9EC2-8E9C-4282-8636-498184F7056D}.Debug|x86.ActiveCfg = Debug|x64
		{2C3B9EC2-8E9C-4282-8636-498184F7056D}.Debug|x86.Build.0 = Debug|x64
		{2C3B9EC2-8E9C-4282-8636-498184F7056D}.Release|x64.ActiveCfg = Debug|x64
		{2C3B9EC2-8E9C-4282-8636-498184F7056D}.Release|x64.Build.0 = Debug|x64
		{2C3B9EC2-8E9C-4282-8636-498184F7056D}.Release|x86.ActiveCfg = Debug|x64
		{2C3B9EC2-8E9C-4282-8636-498184F7056D}.Release|x86.Build.0 = Debug|x64
	EndGlobalSection
	GlobalSection(SolutionProperties) = preSolution
		HideSolutionNode = FALSE
	EndGlobalSection
	GlobalSection(ExtensibilityGlobals) = postSolution
		SolutionGuid = {4B405D3F-867E-4BA6-A16C-CD7BE3E7C119}
	EndGlobalSection
EndGlobal
